// !$*UTF8*$!
{
	archiveVersion = 1;
	classes = {
	};
	objectVersion = 46;
	objects = {

/* Begin PBXBuildFile section */
		1D3623260D0F684500981E51 /* UIAAppDelegate.m in Sources */ = {isa = PBXBuildFile; fileRef = 1D3623250D0F684500981E51 /* UIAAppDelegate.m */; };
		1D60589B0D05DD56006BFB54 /* main.m in Sources */ = {isa = PBXBuildFile; fileRef = 29B97316FDCFA39411CA2CEA /* main.m */; };
		1D60589F0D05DD5A006BFB54 /* Foundation.framework in Frameworks */ = {isa = PBXBuildFile; fileRef = 1D30AB110D05D00D00671497 /* Foundation.framework */; };
		1DF5F4E00D08C38300B7A737 /* UIKit.framework in Frameworks */ = {isa = PBXBuildFile; fileRef = 1DF5F4DF0D08C38300B7A737 /* UIKit.framework */; };
		288765A50DF7441C002DB57D /* CoreGraphics.framework in Frameworks */ = {isa = PBXBuildFile; fileRef = 288765A40DF7441C002DB57D /* CoreGraphics.framework */; };
		2899E5220DE3E06400AC0155 /* UIAViewController.xib in Resources */ = {isa = PBXBuildFile; fileRef = 2899E5210DE3E06400AC0155 /* UIAViewController.xib */; };
		28AD733F0D9D9553002E5188 /* MainWindow.xib in Resources */ = {isa = PBXBuildFile; fileRef = 28AD733E0D9D9553002E5188 /* MainWindow.xib */; };
		28D7ACF80DDB3853001CB0EB /* UIAViewController.m in Sources */ = {isa = PBXBuildFile; fileRef = 28D7ACF70DDB3853001CB0EB /* UIAViewController.m */; };
		411B6F1713E27ADB0030C7EF /* 121.png in Resources */ = {isa = PBXBuildFile; fileRef = 411B6F1613E27ADB0030C7EF /* 121.png */; };
		4152715913E163DB008B58EB /* icon4.png in Resources */ = {isa = PBXBuildFile; fileRef = 4152715813E163DB008B58EB /* icon4.png */; };
		41C8610213E1320F00A1EABE /* icon3.png in Resources */ = {isa = PBXBuildFile; fileRef = 41C8610113E1320F00A1EABE /* icon3.png */; };
		41C8610413E1328900A1EABE /* icon2.png in Resources */ = {isa = PBXBuildFile; fileRef = 41C8610313E1328900A1EABE /* icon2.png */; };
		41C8610613E132A700A1EABE /* icon1.png in Resources */ = {isa = PBXBuildFile; fileRef = 41C8610513E132A700A1EABE /* icon1.png */; };
		41C8611A13E138A500A1EABE /* icon0.png in Resources */ = {isa = PBXBuildFile; fileRef = 41C8611913E138A500A1EABE /* icon0.png */; };
		41C8615613E13EC000A1EABE /* myimgeview.m in Sources */ = {isa = PBXBuildFile; fileRef = 41C8615513E13EC000A1EABE /* myimgeview.m */; };
		41D3971413E0FF2C002D9B94 /* QuartzCore.framework in Frameworks */ = {isa = PBXBuildFile; fileRef = 41D3971313E0FF2C002D9B94 /* QuartzCore.framework */; };
		5300603E152D8A3E008A0E11 /* request-close.png in Resources */ = {isa = PBXBuildFile; fileRef = 5300603C152D8A3E008A0E11 /* request-close.png */; };
		5300603F152D8A3E008A0E11 /* request-close@2x.png in Resources */ = {isa = PBXBuildFile; fileRef = 5300603D152D8A3E008A0E11 /* request-close@2x.png */; };
		53F4EDA81525E58D000FBB4C /* ImageIO.framework in Frameworks */ = {isa = PBXBuildFile; fileRef = 53F4EDA61525E58D000FBB4C /* ImageIO.framework */; };
		53F4EDA91525E58D000FBB4C /* MediaPlayer.framework in Frameworks */ = {isa = PBXBuildFile; fileRef = 53F4EDA71525E58D000FBB4C /* MediaPlayer.framework */; };
		53F4EDAB1525E5BC000FBB4C /* SystemConfiguration.framework in Frameworks */ = {isa = PBXBuildFile; fileRef = 53F4EDAA1525E5BC000FBB4C /* SystemConfiguration.framework */; };
		53F4EDC41525EA22000FBB4C /* NSObject+SBJSON.m in Sources */ = {isa = PBXBuildFile; fileRef = 53F4EDBB1525EA22000FBB4C /* NSObject+SBJSON.m */; };
		53F4EDC51525EA22000FBB4C /* NSString+SBJSON.m in Sources */ = {isa = PBXBuildFile; fileRef = 53F4EDBD1525EA22000FBB4C /* NSString+SBJSON.m */; };
		53F4EDC61525EA22000FBB4C /* SBJSON.m in Sources */ = {isa = PBXBuildFile; fileRef = 53F4EDBF1525EA22000FBB4C /* SBJSON.m */; };
		53F4EDC71525EA22000FBB4C /* libWiAd.a in Frameworks */ = {isa = PBXBuildFile; fileRef = 53F4EDC31525EA22000FBB4C /* libWiAd.a */; };
/* End PBXBuildFile section */

/* Begin PBXFileReference section */
		1D30AB110D05D00D00671497 /* Foundation.framework */ = {isa = PBXFileReference; lastKnownFileType = wrapper.framework; name = Foundation.framework; path = System/Library/Frameworks/Foundation.framework; sourceTree = SDKROOT; };
		1D3623240D0F684500981E51 /* UIAAppDelegate.h */ = {isa = PBXFileReference; fileEncoding = 4; lastKnownFileType = sourcecode.c.h; path = UIAAppDelegate.h; sourceTree = "<group>"; };
		1D3623250D0F684500981E51 /* UIAAppDelegate.m */ = {isa = PBXFileReference; fileEncoding = 4; lastKnownFileType = sourcecode.c.objc; path = UIAAppDelegate.m; sourceTree = "<group>"; };
		1D6058910D05DD3D006BFB54 /* UIA.app */ = {isa = PBXFileReference; explicitFileType = wrapper.application; includeInIndex = 0; path = UIA.app; sourceTree = BUILT_PRODUCTS_DIR; };
		1DF5F4DF0D08C38300B7A737 /* UIKit.framework */ = {isa = PBXFileReference; lastKnownFileType = wrapper.framework; name = UIKit.framework; path = System/Library/Frameworks/UIKit.framework; sourceTree = SDKROOT; };
		288765A40DF7441C002DB57D /* CoreGraphics.framework */ = {isa = PBXFileReference; lastKnownFileType = wrapper.framework; name = CoreGraphics.framework; path = System/Library/Frameworks/CoreGraphics.framework; sourceTree = SDKROOT; };
		2899E5210DE3E06400AC0155 /* UIAViewController.xib */ = {isa = PBXFileReference; lastKnownFileType = file.xib; path = UIAViewController.xib; sourceTree = "<group>"; };
		28AD733E0D9D9553002E5188 /* MainWindow.xib */ = {isa = PBXFileReference; lastKnownFileType = file.xib; path = MainWindow.xib; sourceTree = "<group>"; };
		28D7ACF60DDB3853001CB0EB /* UIAViewController.h */ = {isa = PBXFileReference; fileEncoding = 4; lastKnownFileType = sourcecode.c.h; path = UIAViewController.h; sourceTree = "<group>"; };
		28D7ACF70DDB3853001CB0EB /* UIAViewController.m */ = {isa = PBXFileReference; fileEncoding = 4; lastKnownFileType = sourcecode.c.objc; path = UIAViewController.m; sourceTree = "<group>"; };
		29B97316FDCFA39411CA2CEA /* main.m */ = {isa = PBXFileReference; fileEncoding = 4; lastKnownFileType = sourcecode.c.objc; path = main.m; sourceTree = "<group>"; };
		32CA4F630368D1EE00C91783 /* UIA_Prefix.pch */ = {isa = PBXFileReference; fileEncoding = 4; lastKnownFileType = sourcecode.c.h; path = UIA_Prefix.pch; sourceTree = "<group>"; };
		411B6F1613E27ADB0030C7EF /* 121.png */ = {isa = PBXFileReference; lastKnownFileType = image.png; path = 121.png; sourceTree = "<group>"; };
		4152715813E163DB008B58EB /* icon4.png */ = {isa = PBXFileReference; lastKnownFileType = image.png; path = icon4.png; sourceTree = "<group>"; };
		41C8610113E1320F00A1EABE /* icon3.png */ = {isa = PBXFileReference; lastKnownFileType = image.png; path = icon3.png; sourceTree = "<group>"; };
		41C8610313E1328900A1EABE /* icon2.png */ = {isa = PBXFileReference; lastKnownFileType = image.png; path = icon2.png; sourceTree = "<group>"; };
		41C8610513E132A700A1EABE /* icon1.png */ = {isa = PBXFileReference; lastKnownFileType = image.png; path = icon1.png; sourceTree = "<group>"; };
		41C8611913E138A500A1EABE /* icon0.png */ = {isa = PBXFileReference; lastKnownFileType = image.png; path = icon0.png; sourceTree = "<group>"; };
		41C8615413E13EC000A1EABE /* myimgeview.h */ = {isa = PBXFileReference; fileEncoding = 4; lastKnownFileType = sourcecode.c.h; path = myimgeview.h; sourceTree = "<group>"; };
		41C8615513E13EC000A1EABE /* myimgeview.m */ = {isa = PBXFileReference; fileEncoding = 4; lastKnownFileType = sourcecode.c.objc; path = myimgeview.m; sourceTree = "<group>"; };
		41D3971313E0FF2C002D9B94 /* QuartzCore.framework */ = {isa = PBXFileReference; lastKnownFileType = wrapper.framework; name = QuartzCore.framework; path = System/Library/Frameworks/QuartzCore.framework; sourceTree = SDKROOT; };
		5300603C152D8A3E008A0E11 /* request-close.png */ = {isa = PBXFileReference; lastKnownFileType = image.png; path = "request-close.png"; sourceTree = "<group>"; };
		5300603D152D8A3E008A0E11 /* request-close@2x.png */ = {isa = PBXFileReference; lastKnownFileType = image.png; path = "request-close@2x.png"; sourceTree = "<group>"; };
		53F4EDA61525E58D000FBB4C /* ImageIO.framework */ = {isa = PBXFileReference; lastKnownFileType = wrapper.framework; name = ImageIO.framework; path = System/Library/Frameworks/ImageIO.framework; sourceTree = SDKROOT; };
		53F4EDA71525E58D000FBB4C /* MediaPlayer.framework */ = {isa = PBXFileReference; lastKnownFileType = wrapper.framework; name = MediaPlayer.framework; path = System/Library/Frameworks/MediaPlayer.framework; sourceTree = SDKROOT; };
		53F4EDAA1525E5BC000FBB4C /* SystemConfiguration.framework */ = {isa = PBXFileReference; lastKnownFileType = wrapper.framework; name = SystemConfiguration.framework; path = System/Library/Frameworks/SystemConfiguration.framework; sourceTree = SDKROOT; };
		53F4EDB91525EA22000FBB4C /* JSON.h */ = {isa = PBXFileReference; fileEncoding = 4; lastKnownFileType = sourcecode.c.h; path = JSON.h; sourceTree = "<group>"; };
		53F4EDBA1525EA22000FBB4C /* NSObject+SBJSON.h */ = {isa = PBXFileReference; fileEncoding = 4; lastKnownFileType = sourcecode.c.h; path = "NSObject+SBJSON.h"; sourceTree = "<group>"; };
		53F4EDBB1525EA22000FBB4C /* NSObject+SBJSON.m */ = {isa = PBXFileReference; fileEncoding = 4; lastKnownFileType = sourcecode.c.objc; path = "NSObject+SBJSON.m"; sourceTree = "<group>"; };
		53F4EDBC1525EA22000FBB4C /* NSString+SBJSON.h */ = {isa = PBXFileReference; fileEncoding = 4; lastKnownFileType = sourcecode.c.h; path = "NSString+SBJSON.h"; sourceTree = "<group>"; };
		53F4EDBD1525EA22000FBB4C /* NSString+SBJSON.m */ = {isa = PBXFileReference; fileEncoding = 4; lastKnownFileType = sourcecode.c.objc; path = "NSString+SBJSON.m"; sourceTree = "<group>"; };
		53F4EDBE1525EA22000FBB4C /* SBJSON.h */ = {isa = PBXFileReference; fileEncoding = 4; lastKnownFileType = sourcecode.c.h; path = SBJSON.h; sourceTree = "<group>"; };
		53F4EDBF1525EA22000FBB4C /* SBJSON.m */ = {isa = PBXFileReference; fileEncoding = 4; lastKnownFileType = sourcecode.c.objc; path = SBJSON.m; sourceTree = "<group>"; };
		53F4EDC11525EA22000FBB4C /* WiAdView.h */ = {isa = PBXFileReference; fileEncoding = 4; lastKnownFileType = sourcecode.c.h; path = WiAdView.h; sourceTree = "<group>"; };
		53F4EDC31525EA22000FBB4C /* libWiAd.a */ = {isa = PBXFileReference; lastKnownFileType = archive.ar; path = libWiAd.a; sourceTree = "<group>"; };
		8D1107310486CEB800E47090 /* UIA-Info.plist */ = {isa = PBXFileReference; fileEncoding = 4; lastKnownFileType = text.plist.xml; path = "UIA-Info.plist"; plistStructureDefinitionIdentifier = "com.apple.xcode.plist.structure-definition.iphone.info-plist"; sourceTree = "<group>"; };
/* End PBXFileReference section */

/* Begin PBXFrameworksBuildPhase section */
		1D60588F0D05DD3D006BFB54 /* Frameworks */ = {
			isa = PBXFrameworksBuildPhase;
			buildActionMask = 2147483647;
			files = (
				1D60589F0D05DD5A006BFB54 /* Foundation.framework in Frameworks */,
				1DF5F4E00D08C38300B7A737 /* UIKit.framework in Frameworks */,
				288765A50DF7441C002DB57D /* CoreGraphics.framework in Frameworks */,
				41D3971413E0FF2C002D9B94 /* QuartzCore.framework in Frameworks */,
				53F4EDA81525E58D000FBB4C /* ImageIO.framework in Frameworks */,
				53F4EDA91525E58D000FBB4C /* MediaPlayer.framework in Frameworks */,
				53F4EDAB1525E5BC000FBB4C /* SystemConfiguration.framework in Frameworks */,
				53F4EDC71525EA22000FBB4C /* libWiAd.a in Frameworks */,
			);
			runOnlyForDeploymentPostprocessing = 0;
		};
/* End PBXFrameworksBuildPhase section */

/* Begin PBXGroup section */
		080E96DDFE201D6D7F000001 /* Classes */ = {
			isa = PBXGroup;
			children = (
				1D3623240D0F684500981E51 /* UIAAppDelegate.h */,
				1D3623250D0F684500981E51 /* UIAAppDelegate.m */,
				28D7ACF60DDB3853001CB0EB /* UIAViewController.h */,
				28D7ACF70DDB3853001CB0EB /* UIAViewController.m */,
				41C8615413E13EC000A1EABE /* myimgeview.h */,
				41C8615513E13EC000A1EABE /* myimgeview.m */,
			);
			path = Classes;
			sourceTree = "<group>";
		};
		19C28FACFE9D520D11CA2CBB /* Products */ = {
			isa = PBXGroup;
			children = (
				1D6058910D05DD3D006BFB54 /* UIA.app */,
			);
			name = Products;
			sourceTree = "<group>";
		};
		29B97314FDCFA39411CA2CEA /* CustomTemplate */ = {
			isa = PBXGroup;
			children = (
				53F4EDB61525EA22000FBB4C /* sdk */,
				080E96DDFE201D6D7F000001 /* Classes */,
				29B97315FDCFA39411CA2CEA /* Other Sources */,
				29B97317FDCFA39411CA2CEA /* Resources */,
				29B97323FDCFA39411CA2CEA /* Frameworks */,
				19C28FACFE9D520D11CA2CBB /* Products */,
			);
			name = CustomTemplate;
			sourceTree = "<group>";
		};
		29B97315FDCFA39411CA2CEA /* Other Sources */ = {
			isa = PBXGroup;
			children = (
				32CA4F630368D1EE00C91783 /* UIA_Prefix.pch */,
				29B97316FDCFA39411CA2CEA /* main.m */,
			);
			name = "Other Sources";
			sourceTree = "<group>";
		};
		29B97317FDCFA39411CA2CEA /* Resources */ = {
			isa = PBXGroup;
			children = (
				411B6F1613E27ADB0030C7EF /* 121.png */,
				4152715813E163DB008B58EB /* icon4.png */,
				41C8610113E1320F00A1EABE /* icon3.png */,
				41C8610313E1328900A1EABE /* icon2.png */,
				41C8610513E132A700A1EABE /* icon1.png */,
				41C8611913E138A500A1EABE /* icon0.png */,
				2899E5210DE3E06400AC0155 /* UIAViewController.xib */,
				28AD733E0D9D9553002E5188 /* MainWindow.xib */,
				8D1107310486CEB800E47090 /* UIA-Info.plist */,
			);
			name = Resources;
			sourceTree = "<group>";
		};
		29B97323FDCFA39411CA2CEA /* Frameworks */ = {
			isa = PBXGroup;
			children = (
				53F4EDAA1525E5BC000FBB4C /* SystemConfiguration.framework */,
				53F4EDA61525E58D000FBB4C /* ImageIO.framework */,
				53F4EDA71525E58D000FBB4C /* MediaPlayer.framework */,
				41D3971313E0FF2C002D9B94 /* QuartzCore.framework */,
				1DF5F4DF0D08C38300B7A737 /* UIKit.framework */,
				1D30AB110D05D00D00671497 /* Foundation.framework */,
				288765A40DF7441C002DB57D /* CoreGraphics.framework */,
			);
			name = Frameworks;
			sourceTree = "<group>";
		};
		53F4EDB61525EA22000FBB4C /* sdk */ = {
			isa = PBXGroup;
			children = (
				53F4EDB71525EA22000FBB4C /* external */,
				53F4EDC01525EA22000FBB4C /* inc */,
				53F4EDC21525EA22000FBB4C /* lib */,
			);
			path = sdk;
			sourceTree = "<group>";
		};
		53F4EDB71525EA22000FBB4C /* external */ = {
			isa = PBXGroup;
			children = (
				53F4EDB81525EA22000FBB4C /* json */,
			);
			path = external;
			sourceTree = "<group>";
		};
		53F4EDB81525EA22000FBB4C /* json */ = {
			isa = PBXGroup;
			children = (
				53F4EDB91525EA22000FBB4C /* JSON.h */,
				53F4EDBA1525EA22000FBB4C /* NSObject+SBJSON.h */,
				53F4EDBB1525EA22000FBB4C /* NSObject+SBJSON.m */,
				53F4EDBC1525EA22000FBB4C /* NSString+SBJSON.h */,
				53F4EDBD1525EA22000FBB4C /* NSString+SBJSON.m */,
				53F4EDBE1525EA22000FBB4C /* SBJSON.h */,
				53F4EDBF1525EA22000FBB4C /* SBJSON.m */,
			);
			path = json;
			sourceTree = "<group>";
		};
		53F4EDC01525EA22000FBB4C /* inc */ = {
			isa = PBXGroup;
			children = (
				5300603C152D8A3E008A0E11 /* request-close.png */,
				5300603D152D8A3E008A0E11 /* request-close@2x.png */,
				53F4EDC11525EA22000FBB4C /* WiAdView.h */,
			);
			path = inc;
			sourceTree = "<group>";
		};
		53F4EDC21525EA22000FBB4C /* lib */ = {
			isa = PBXGroup;
			children = (
				53F4EDC31525EA22000FBB4C /* libWiAd.a */,
			);
			path = lib;
			sourceTree = "<group>";
		};
/* End PBXGroup section */

/* Begin PBXNativeTarget section */
		1D6058900D05DD3D006BFB54 /* UIA */ = {
			isa = PBXNativeTarget;
			buildConfigurationList = 1D6058960D05DD3E006BFB54 /* Build configuration list for PBXNativeTarget "UIA" */;
			buildPhases = (
				1D60588D0D05DD3D006BFB54 /* Resources */,
				1D60588E0D05DD3D006BFB54 /* Sources */,
				1D60588F0D05DD3D006BFB54 /* Frameworks */,
			);
			buildRules = (
			);
			dependencies = (
			);
			name = UIA;
			productName = UIA;
			productReference = 1D6058910D05DD3D006BFB54 /* UIA.app */;
			productType = "com.apple.product-type.application";
		};
/* End PBXNativeTarget section */

/* Begin PBXProject section */
		29B97313FDCFA39411CA2CEA /* Project object */ = {
			isa = PBXProject;
			buildConfigurationList = C01FCF4E08A954540054247B /* Build configuration list for PBXProject "UIA" */;
			compatibilityVersion = "Xcode 3.2";
			developmentRegion = English;
			hasScannedForEncodings = 1;
			knownRegions = (
				English,
				Japanese,
				French,
				German,
			);
			mainGroup = 29B97314FDCFA39411CA2CEA /* CustomTemplate */;
			projectDirPath = "";
			projectRoot = "";
			targets = (
				1D6058900D05DD3D006BFB54 /* UIA */,
			);
		};
/* End PBXProject section */

/* Begin PBXResourcesBuildPhase section */
		1D60588D0D05DD3D006BFB54 /* Resources */ = {
			isa = PBXResourcesBuildPhase;
			buildActionMask = 2147483647;
			files = (
				28AD733F0D9D9553002E5188 /* MainWindow.xib in Resources */,
				2899E5220DE3E06400AC0155 /* UIAViewController.xib in Resources */,
				41C8610213E1320F00A1EABE /* icon3.png in Resources */,
				41C8610413E1328900A1EABE /* icon2.png in Resources */,
				41C8610613E132A700A1EABE /* icon1.png in Resources */,
				41C8611A13E138A500A1EABE /* icon0.png in Resources */,
				4152715913E163DB008B58EB /* icon4.png in Resources */,
				411B6F1713E27ADB0030C7EF /* 121.png in Resources */,
				5300603E152D8A3E008A0E11 /* request-close.png in Resources */,
				5300603F152D8A3E008A0E11 /* request-close@2x.png in Resources */,
			);
			runOnlyForDeploymentPostprocessing = 0;
		};
/* End PBXResourcesBuildPhase section */

/* Begin PBXSourcesBuildPhase section */
		1D60588E0D05DD3D006BFB54 /* Sources */ = {
			isa = PBXSourcesBuildPhase;
			buildActionMask = 2147483647;
			files = (
				1D60589B0D05DD56006BFB54 /* main.m in Sources */,
				1D3623260D0F684500981E51 /* UIAAppDelegate.m in Sources */,
				28D7ACF80DDB3853001CB0EB /* UIAViewController.m in Sources */,
				41C8615613E13EC000A1EABE /* myimgeview.m in Sources */,
				53F4EDC41525EA22000FBB4C /* NSObject+SBJSON.m in Sources */,
				53F4EDC51525EA22000FBB4C /* NSString+SBJSON.m in Sources */,
				53F4EDC61525EA22000FBB4C /* SBJSON.m in Sources */,
			);
			runOnlyForDeploymentPostprocessing = 0;
		};
/* End PBXSourcesBuildPhase section */

/* Begin XCBuildConfiguration section */
		1D6058940D05DD3E006BFB54 /* Debug */ = {
			isa = XCBuildConfiguration;
			buildSettings = {
				ALWAYS_SEARCH_USER_PATHS = NO;
				COPY_PHASE_STRIP = NO;
				GCC_DYNAMIC_NO_PIC = NO;
				GCC_OPTIMIZATION_LEVEL = 0;
				GCC_PRECOMPILE_PREFIX_HEADER = YES;
				GCC_PREFIX_HEADER = UIA_Prefix.pch;
				INFOPLIST_FILE = "UIA-Info.plist";
				LIBRARY_SEARCH_PATHS = (
					"$(inherited)",
					"\"$(SRCROOT)/../../../caijing/sdk/lib\"",
					"\"$(SRCROOT)/sdk/lib\"",
				);
				PRODUCT_NAME = UIA;
			};
			name = Debug;
		};
		1D6058950D05DD3E006BFB54 /* Release */ = {
			isa = XCBuildConfiguration;
			buildSettings = {
				ALWAYS_SEARCH_USER_PATHS = NO;
				COPY_PHASE_STRIP = YES;
				GCC_PRECOMPILE_PREFIX_HEADER = YES;
				GCC_PREFIX_HEADER = UIA_Prefix.pch;
				INFOPLIST_FILE = "UIA-Info.plist";
				LIBRARY_SEARCH_PATHS = (
					"$(inherited)",
					"\"$(SRCROOT)/../../../caijing/sdk/lib\"",
					"\"$(SRCROOT)/sdk/lib\"",
				);
				PRODUCT_NAME = UIA;
				VALIDATE_PRODUCT = YES;
			};
			name = Release;
		};
		C01FCF4F08A954540054247B /* Debug */ = {
			isa = XCBuildConfiguration;
			buildSettings = {
				ARCHS = "$(ARCHS_STANDARD_32_BIT)";
				"CODE_SIGN_IDENTITY[sdk=iphoneos*]" = "iPhone Developer";
				GCC_C_LANGUAGE_STANDARD = c99;
				GCC_WARN_ABOUT_RETURN_TYPE = YES;
				GCC_WARN_UNUSED_VARIABLE = YES;
				IPHONEOS_DEPLOYMENT_TARGET = 4.2;
				LIBRARY_SEARCH_PATHS = "\"$(SRCROOT)/../../sdk/lib\"/**";
				OTHER_LDFLAGS = (
					"-ObjC",
					"-all_load",
				);
				PREBINDING = NO;
				SDKROOT = iphoneos;
			};
			name = Debug;
		};
		C01FCF5008A954540054247B /* Release */ = {
			isa = XCBuildConfiguration;
			buildSettings = {
				ARCHS = "$(ARCHS_STANDARD_32_BIT)";
				"CODE_SIGN_IDENTITY[sdk=iphoneos*]" = "iPhone Developer";
				GCC_C_LANGUAGE_STANDARD = c99;
				GCC_WARN_ABOUT_RETURN_TYPE = YES;
				GCC_WARN_UNUSED_VARIABLE = YES;
				IPHONEOS_DEPLOYMENT_TARGET = 4.2;
				LIBRARY_SEARCH_PATHS = "\"$(SRCROOT)/../../sdk/lib\"/**";
				OTHER_CFLAGS = "-DNS_BLOCK_ASSERTIONS=1";
				OTHER_LDFLAGS = (
					"-ObjC",
					"-all_load",
				);
				PREBINDING = NO;
				SDKROOT = iphoneos;
			};
			name = Release;
		};
/* End XCBuildConfiguration section */

/* Begin XCConfigurationList section */
		1D6058960D05DD3E006BFB54 /* Build configuration list for PBXNativeTarget "UIA" */ = {
			isa = XCConfigurationList;
			buildConfigurations = (
				1D6058940D05DD3E006BFB54 /* Debug */,
				1D6058950D05DD3E006BFB54 /* Release */,
			);
			defaultConfigurationIsVisible = 0;
			defaultConfigurationName = Release;
		};
		C01FCF4E08A954540054247B /* Build configuration list for PBXProject "UIA" */ = {
			isa = XCConfigurationList;
			buildConfigurations = (
				C01FCF4F08A954540054247B /* Debug */,
				C01FCF5008A954540054247B /* Release */,
			);
			defaultConfigurationIsVisible = 0;
			defaultConfigurationName = Release;
		};
/* End XCConfigurationList section */
	};
	rootObject = 29B97313FDCFA39411CA2CEA /* Project object */;
}
